// !$*UTF8*$!
{
	archiveVersion = 1;
	classes = {
	};
	objectVersion = 56;
	objects = {

/* Begin PBXBuildFile section */
		0C79EE632A76DD1900EE90EA /* RequestConstants.swift in Sources */ = {isa = PBXBuildFile; fileRef = 0C79EE622A76DD1900EE90EA /* RequestConstants.swift */; };
		0C79EE6C2A76DE2E00EE90EA /* ServicesAssemly.swift in Sources */ = {isa = PBXBuildFile; fileRef = 0C79EE6B2A76DE2E00EE90EA /* ServicesAssemly.swift */; };
		0CF2C2DB2A783C1B00FDC837 /* LoadingView.swift in Sources */ = {isa = PBXBuildFile; fileRef = 0CF2C2DA2A783C1B00FDC837 /* LoadingView.swift */; };
		0CF2C2DD2A783CE600FDC837 /* ErrorView.swift in Sources */ = {isa = PBXBuildFile; fileRef = 0CF2C2DC2A783CE600FDC837 /* ErrorView.swift */; };
		0CF2C2E12A784C7000FDC837 /* LinePageControl.swift in Sources */ = {isa = PBXBuildFile; fileRef = 0CF2C2E02A784C7000FDC837 /* LinePageControl.swift */; };
		0CFCB74B2A780EA80009A829 /* UIView+Constraints.swift in Sources */ = {isa = PBXBuildFile; fileRef = 0CFCB74A2A780EA80009A829 /* UIView+Constraints.swift */; };
		3F478ECF29DB474E00F6D39E /* Colors.swift in Sources */ = {isa = PBXBuildFile; fileRef = 3F478ECE29DB474E00F6D39E /* Colors.swift */; };
		3F478ED129DB476500F6D39E /* Fonts.swift in Sources */ = {isa = PBXBuildFile; fileRef = 3F478ED029DB476500F6D39E /* Fonts.swift */; };
		3F68069729CBBAF100B4F915 /* AppDelegate.swift in Sources */ = {isa = PBXBuildFile; fileRef = 3F68069629CBBAF100B4F915 /* AppDelegate.swift */; };
		3F68069929CBBAF100B4F915 /* SceneDelegate.swift in Sources */ = {isa = PBXBuildFile; fileRef = 3F68069829CBBAF100B4F915 /* SceneDelegate.swift */; };
		3F68069E29CBBAF100B4F915 /* Main.storyboard in Resources */ = {isa = PBXBuildFile; fileRef = 3F68069C29CBBAF100B4F915 /* Main.storyboard */; };
		3F6806A029CBBAF200B4F915 /* Assets.xcassets in Resources */ = {isa = PBXBuildFile; fileRef = 3F68069F29CBBAF200B4F915 /* Assets.xcassets */; };
		3F6806A329CBBAF200B4F915 /* LaunchScreen.storyboard in Resources */ = {isa = PBXBuildFile; fileRef = 3F6806A129CBBAF200B4F915 /* LaunchScreen.storyboard */; };
		3F6806AE29CBBAF200B4F915 /* ExampleUnitTests.swift in Sources */ = {isa = PBXBuildFile; fileRef = 3F6806AD29CBBAF200B4F915 /* ExampleUnitTests.swift */; };
		3F6806B829CBBAF200B4F915 /* FakeNFTUITests.swift in Sources */ = {isa = PBXBuildFile; fileRef = 3F6806B729CBBAF200B4F915 /* FakeNFTUITests.swift */; };
		3F6806D129CBBE6B00B4F915 /* NetworkClient.swift in Sources */ = {isa = PBXBuildFile; fileRef = 3F6806D029CBBE6B00B4F915 /* NetworkClient.swift */; };
		3F6806D329CBBE9600B4F915 /* NetworkRequest.swift in Sources */ = {isa = PBXBuildFile; fileRef = 3F6806D229CBBE9600B4F915 /* NetworkRequest.swift */; };
		3F6806D529CBBEC700B4F915 /* NetworkTask.swift in Sources */ = {isa = PBXBuildFile; fileRef = 3F6806D429CBBEC700B4F915 /* NetworkTask.swift */; };
		3F6806D729CBC50A00B4F915 /* CellsReusingUtils.swift in Sources */ = {isa = PBXBuildFile; fileRef = 3F6806D629CBC50A00B4F915 /* CellsReusingUtils.swift */; };
		3FC8C39329D246BA0081F015 /* DateFormatters+Presets.swift in Sources */ = {isa = PBXBuildFile; fileRef = 3FC8C39229D246BA0081F015 /* DateFormatters+Presets.swift */; };
		558E39E72C68CE0A00FB86AC /* NftService.swift in Sources */ = {isa = PBXBuildFile; fileRef = 558E39E62C68CE0900FB86AC /* NftService.swift */; };
		914311412D7480570010F6E0 /* UpdateOrderResponse.swift in Sources */ = {isa = PBXBuildFile; fileRef = 914311402D7480570010F6E0 /* UpdateOrderResponse.swift */; };
		915447422D64948500CBED07 /* FilterViewController.swift in Sources */ = {isa = PBXBuildFile; fileRef = 915447412D64948500CBED07 /* FilterViewController.swift */; };
		915447452D64F2E500CBED07 /* FilterMenuButtonModel.swift in Sources */ = {isa = PBXBuildFile; fileRef = 915447442D64F2E500CBED07 /* FilterMenuButtonModel.swift */; };
		915447472D64F31900CBED07 /* TableHeaderTitleView.swift in Sources */ = {isa = PBXBuildFile; fileRef = 915447462D64F31900CBED07 /* TableHeaderTitleView.swift */; };
		91A05D432D6C8AF200247FEA /* Localization.swift in Sources */ = {isa = PBXBuildFile; fileRef = 91A05D422D6C8AF200247FEA /* Localization.swift */; };
		91B1CBB12D74EFBB00BCF5B8 /* NetworkRequests.swift in Sources */ = {isa = PBXBuildFile; fileRef = 91B1CBB02D74EFBB00BCF5B8 /* NetworkRequests.swift */; };
		91B1CBB32D74EFCE00BCF5B8 /* RequestBuilder.swift in Sources */ = {isa = PBXBuildFile; fileRef = 91B1CBB22D74EFCE00BCF5B8 /* RequestBuilder.swift */; };
		91B1CBB52D758B1E00BCF5B8 /* Order.swift in Sources */ = {isa = PBXBuildFile; fileRef = 91B1CBB42D758B1E00BCF5B8 /* Order.swift */; };
		E1A1B9DA2AA01CE400C3AFBC /* TabBarController.swift in Sources */ = {isa = PBXBuildFile; fileRef = E1A1B9D92AA01CE400C3AFBC /* TabBarController.swift */; };
		E1CD40DC2A96BECC00BE7FE8 /* Localizable.strings in Resources */ = {isa = PBXBuildFile; fileRef = E1CD40DB2A96BECC00BE7FE8 /* Localizable.strings */; };
		F311F06A2D7869FA00280A5C /* OrderRequest.swift in Sources */ = {isa = PBXBuildFile; fileRef = F311F0692D7869FA00280A5C /* OrderRequest.swift */; };
		F34375C52D6C9FA10021AB7B /* AuthorPageModuleFactory.swift in Sources */ = {isa = PBXBuildFile; fileRef = F34375C02D6C9FA10021AB7B /* AuthorPageModuleFactory.swift */; };
		F34375C62D6C9FA10021AB7B /* AuthorPagePresenter.swift in Sources */ = {isa = PBXBuildFile; fileRef = F34375C12D6C9FA10021AB7B /* AuthorPagePresenter.swift */; };
		F34375C82D6C9FA10021AB7B /* AuthorPageViewController.swift in Sources */ = {isa = PBXBuildFile; fileRef = F34375C32D6C9FA10021AB7B /* AuthorPageViewController.swift */; };
		F34A5D952D6B4AF1009F062E /* NFTCollectionDetailBO.swift in Sources */ = {isa = PBXBuildFile; fileRef = F34A5D942D6B4AF1009F062E /* NFTCollectionDetailBO.swift */; };
		F36737382D65FF7800F1DF9C /* SF-Pro.ttf in Resources */ = {isa = PBXBuildFile; fileRef = F36737372D65FF7800F1DF9C /* SF-Pro.ttf */; };
		F3747AE82D6D91CE00AF98A7 /* UsersRequest.swift in Sources */ = {isa = PBXBuildFile; fileRef = F3747AE72D6D91CE00AF98A7 /* UsersRequest.swift */; };
		F388010E2D783165002F2D36 /* Profile.swift in Sources */ = {isa = PBXBuildFile; fileRef = F388010D2D783165002F2D36 /* Profile.swift */; };
		F38801102D7831DC002F2D36 /* ProfileRequest.swift in Sources */ = {isa = PBXBuildFile; fileRef = F388010F2D7831DC002F2D36 /* ProfileRequest.swift */; };
		F3924B1A2D7723F6002768AD /* UpdateOrderDto.swift in Sources */ = {isa = PBXBuildFile; fileRef = F3924B192D7723F6002768AD /* UpdateOrderDto.swift */; };
		F3924B1D2D7725D9002768AD /* Kingfisher in Frameworks */ = {isa = PBXBuildFile; productRef = F3924B1C2D7725D9002768AD /* Kingfisher */; };
		F3924B212D772637002768AD /* ProgressHUD in Frameworks */ = {isa = PBXBuildFile; productRef = F3924B202D772637002768AD /* ProgressHUD */; };
		F3924B232D77282B002768AD /* NftStorage.swift in Sources */ = {isa = PBXBuildFile; fileRef = F3924B222D77282B002768AD /* NftStorage.swift */; };
		F3C495EA2D673CDB00B58C41 /* NftCollectionDetailInput.swift in Sources */ = {isa = PBXBuildFile; fileRef = F3C495E92D673CDB00B58C41 /* NftCollectionDetailInput.swift */; };
		F3C495F12D67429B00B58C41 /* NFTCollectionDetailModuleBuilder.swift in Sources */ = {isa = PBXBuildFile; fileRef = F3C495EC2D67429B00B58C41 /* NFTCollectionDetailModuleBuilder.swift */; };
		F3C495F22D67429B00B58C41 /* NFTCollectionDetailPresenter.swift in Sources */ = {isa = PBXBuildFile; fileRef = F3C495ED2D67429B00B58C41 /* NFTCollectionDetailPresenter.swift */; };
		F3C495F32D67429B00B58C41 /* NFTCollectionDetailRouter.swift in Sources */ = {isa = PBXBuildFile; fileRef = F3C495EE2D67429B00B58C41 /* NFTCollectionDetailRouter.swift */; };
		F3C495F42D67429B00B58C41 /* NFTCollectionDetailViewController.swift in Sources */ = {isa = PBXBuildFile; fileRef = F3C495EF2D67429B00B58C41 /* NFTCollectionDetailViewController.swift */; };
		F3C495F52D67429B00B58C41 /* NFTCollectionDetailInteractor.swift in Sources */ = {isa = PBXBuildFile; fileRef = F3C495F02D67429B00B58C41 /* NFTCollectionDetailInteractor.swift */; };
		F3C495F72D674BDB00B58C41 /* NFTCollectionDetailRequest.swift in Sources */ = {isa = PBXBuildFile; fileRef = F3C495F62D674BDB00B58C41 /* NFTCollectionDetailRequest.swift */; };
		F3C495FE2D6759A300B58C41 /* NFTDetailModuleBuilder.swift in Sources */ = {isa = PBXBuildFile; fileRef = F3C495F92D6759A300B58C41 /* NFTDetailModuleBuilder.swift */; };
		F3C495FF2D6759A300B58C41 /* NFTDetailPresenter.swift in Sources */ = {isa = PBXBuildFile; fileRef = F3C495FA2D6759A300B58C41 /* NFTDetailPresenter.swift */; };
		F3C496002D6759A300B58C41 /* NFTDetailRouter.swift in Sources */ = {isa = PBXBuildFile; fileRef = F3C495FB2D6759A300B58C41 /* NFTDetailRouter.swift */; };
		F3C496012D6759A300B58C41 /* NFTDetailViewController.swift in Sources */ = {isa = PBXBuildFile; fileRef = F3C495FC2D6759A300B58C41 /* NFTDetailViewController.swift */; };
		F3C496022D6759A300B58C41 /* NFTDetailInteractor.swift in Sources */ = {isa = PBXBuildFile; fileRef = F3C495FD2D6759A300B58C41 /* NFTDetailInteractor.swift */; };
		F3C496062D675C2500B58C41 /* NFTDetailRequest.swift in Sources */ = {isa = PBXBuildFile; fileRef = F3C496052D675C2500B58C41 /* NFTDetailRequest.swift */; };
		F3C496082D676C6F00B58C41 /* Nft.swift in Sources */ = {isa = PBXBuildFile; fileRef = F3C496072D676C6F00B58C41 /* Nft.swift */; };
		F3C4960E2D676EE400B58C41 /* CurrenciesRequest.swift in Sources */ = {isa = PBXBuildFile; fileRef = F3C4960D2D676EE400B58C41 /* CurrenciesRequest.swift */; };
		F3C496102D676EF000B58C41 /* Currency.swift in Sources */ = {isa = PBXBuildFile; fileRef = F3C4960F2D676EF000B58C41 /* Currency.swift */; };
		F3C496122D6773BB00B58C41 /* UserRequest.swift in Sources */ = {isa = PBXBuildFile; fileRef = F3C496112D6773BB00B58C41 /* UserRequest.swift */; };
		F3C496142D67745500B58C41 /* User.swift in Sources */ = {isa = PBXBuildFile; fileRef = F3C496132D67745500B58C41 /* User.swift */; };
		F3C696392D6457F600D67D34 /* NFTCollectionBO.swift in Sources */ = {isa = PBXBuildFile; fileRef = F3C696382D6457F600D67D34 /* NFTCollectionBO.swift */; };
		F3CF616B2D631C65002D1B56 /* NFTCollectionListCollectionViewCell.swift in Sources */ = {isa = PBXBuildFile; fileRef = F3CF616A2D631C65002D1B56 /* NFTCollectionListCollectionViewCell.swift */; };
		F3CF616D2D632500002D1B56 /* NFTCollectionListRequest.swift in Sources */ = {isa = PBXBuildFile; fileRef = F3CF616C2D632500002D1B56 /* NFTCollectionListRequest.swift */; };
		F3CF61712D635AA8002D1B56 /* NftCollection.swift in Sources */ = {isa = PBXBuildFile; fileRef = F3CF61702D635AA8002D1B56 /* NftCollection.swift */; };
		F3DE947D2D6606D3009C36AE /* RatingView.swift in Sources */ = {isa = PBXBuildFile; fileRef = F3DE947C2D6606D3009C36AE /* RatingView.swift */; };
		F3E148EC2D75B91B004F41E8 /* NFTCollectionViewCell.swift in Sources */ = {isa = PBXBuildFile; fileRef = F3E148EB2D75B91B004F41E8 /* NFTCollectionViewCell.swift */; };
		F3E148EE2D75C7E1004F41E8 /* NftBO.swift in Sources */ = {isa = PBXBuildFile; fileRef = F3E148ED2D75C7E1004F41E8 /* NftBO.swift */; };
		F3EBE0F82D68550100B946E9 /* LocalStorage.swift in Sources */ = {isa = PBXBuildFile; fileRef = F3EBE0F72D68550100B946E9 /* LocalStorage.swift */; };
		F3FC1A7D2D61FAA8002DBE23 /* NFTCollectionListModuleBuilder.swift in Sources */ = {isa = PBXBuildFile; fileRef = F3FC1A782D61FAA8002DBE23 /* NFTCollectionListModuleBuilder.swift */; };
		F3FC1A7E2D61FAA8002DBE23 /* NFTCollectionListPresenter.swift in Sources */ = {isa = PBXBuildFile; fileRef = F3FC1A792D61FAA8002DBE23 /* NFTCollectionListPresenter.swift */; };
		F3FC1A7F2D61FAA8002DBE23 /* NFTCollectionListRouter.swift in Sources */ = {isa = PBXBuildFile; fileRef = F3FC1A7A2D61FAA8002DBE23 /* NFTCollectionListRouter.swift */; };
		F3FC1A802D61FAA8002DBE23 /* NFTCollectionListViewController.swift in Sources */ = {isa = PBXBuildFile; fileRef = F3FC1A7B2D61FAA8002DBE23 /* NFTCollectionListViewController.swift */; };
		F3FC1A812D61FAA8002DBE23 /* NFTCollectionListInteractor.swift in Sources */ = {isa = PBXBuildFile; fileRef = F3FC1A7C2D61FAA8002DBE23 /* NFTCollectionListInteractor.swift */; };
/* End PBXBuildFile section */

/* Begin PBXContainerItemProxy section */
		3F6806AA29CBBAF200B4F915 /* PBXContainerItemProxy */ = {
			isa = PBXContainerItemProxy;
			containerPortal = 3F68068B29CBBAF100B4F915 /* Project object */;
			proxyType = 1;
			remoteGlobalIDString = 3F68069229CBBAF100B4F915;
			remoteInfo = FakeNFT;
		};
		3F6806B429CBBAF200B4F915 /* PBXContainerItemProxy */ = {
			isa = PBXContainerItemProxy;
			containerPortal = 3F68068B29CBBAF100B4F915 /* Project object */;
			proxyType = 1;
			remoteGlobalIDString = 3F68069229CBBAF100B4F915;
			remoteInfo = FakeNFT;
		};
/* End PBXContainerItemProxy section */

/* Begin PBXFileReference section */
		0C79EE602A76DCD600EE90EA /* NftByIdRequest.swift */ = {isa = PBXFileReference; lastKnownFileType = sourcecode.swift; path = NftByIdRequest.swift; sourceTree = "<group>"; };
		0C79EE622A76DD1900EE90EA /* RequestConstants.swift */ = {isa = PBXFileReference; lastKnownFileType = sourcecode.swift; path = RequestConstants.swift; sourceTree = "<group>"; };
		0C79EE6B2A76DE2E00EE90EA /* ServicesAssemly.swift */ = {isa = PBXFileReference; lastKnownFileType = sourcecode.swift; path = ServicesAssemly.swift; sourceTree = "<group>"; };
		0CF2C2DA2A783C1B00FDC837 /* LoadingView.swift */ = {isa = PBXFileReference; lastKnownFileType = sourcecode.swift; path = LoadingView.swift; sourceTree = "<group>"; };
		0CF2C2DC2A783CE600FDC837 /* ErrorView.swift */ = {isa = PBXFileReference; lastKnownFileType = sourcecode.swift; path = ErrorView.swift; sourceTree = "<group>"; };
		0CF2C2E02A784C7000FDC837 /* LinePageControl.swift */ = {isa = PBXFileReference; lastKnownFileType = sourcecode.swift; path = LinePageControl.swift; sourceTree = "<group>"; };
		0CFCB74A2A780EA80009A829 /* UIView+Constraints.swift */ = {isa = PBXFileReference; lastKnownFileType = sourcecode.swift; path = "UIView+Constraints.swift"; sourceTree = "<group>"; };
		3F478ECE29DB474E00F6D39E /* Colors.swift */ = {isa = PBXFileReference; lastKnownFileType = sourcecode.swift; path = Colors.swift; sourceTree = "<group>"; };
		3F478ED029DB476500F6D39E /* Fonts.swift */ = {isa = PBXFileReference; lastKnownFileType = sourcecode.swift; path = Fonts.swift; sourceTree = "<group>"; };
		3F68069329CBBAF100B4F915 /* FakeNFT.app */ = {isa = PBXFileReference; explicitFileType = wrapper.application; includeInIndex = 0; path = FakeNFT.app; sourceTree = BUILT_PRODUCTS_DIR; };
		3F68069629CBBAF100B4F915 /* AppDelegate.swift */ = {isa = PBXFileReference; lastKnownFileType = sourcecode.swift; path = AppDelegate.swift; sourceTree = "<group>"; };
		3F68069829CBBAF100B4F915 /* SceneDelegate.swift */ = {isa = PBXFileReference; lastKnownFileType = sourcecode.swift; path = SceneDelegate.swift; sourceTree = "<group>"; };
		3F68069A29CBBAF100B4F915 /* ProductDetailsTableViewController.swift */ = {isa = PBXFileReference; lastKnownFileType = sourcecode.swift; path = ProductDetailsTableViewController.swift; sourceTree = "<group>"; };
		3F68069D29CBBAF100B4F915 /* Base */ = {isa = PBXFileReference; lastKnownFileType = file.storyboard; name = Base; path = Base.lproj/Main.storyboard; sourceTree = "<group>"; };
		3F68069F29CBBAF200B4F915 /* Assets.xcassets */ = {isa = PBXFileReference; lastKnownFileType = folder.assetcatalog; path = Assets.xcassets; sourceTree = "<group>"; };
		3F6806A229CBBAF200B4F915 /* Base */ = {isa = PBXFileReference; lastKnownFileType = file.storyboard; name = Base; path = Base.lproj/LaunchScreen.storyboard; sourceTree = "<group>"; };
		3F6806A429CBBAF200B4F915 /* Info.plist */ = {isa = PBXFileReference; lastKnownFileType = text.plist.xml; path = Info.plist; sourceTree = "<group>"; };
		3F6806A929CBBAF200B4F915 /* FakeNFTTests.xctest */ = {isa = PBXFileReference; explicitFileType = wrapper.cfbundle; includeInIndex = 0; path = FakeNFTTests.xctest; sourceTree = BUILT_PRODUCTS_DIR; };
		3F6806AD29CBBAF200B4F915 /* ExampleUnitTests.swift */ = {isa = PBXFileReference; lastKnownFileType = sourcecode.swift; path = ExampleUnitTests.swift; sourceTree = "<group>"; };
		3F6806B329CBBAF200B4F915 /* FakeNFTUITests.xctest */ = {isa = PBXFileReference; explicitFileType = wrapper.cfbundle; includeInIndex = 0; path = FakeNFTUITests.xctest; sourceTree = BUILT_PRODUCTS_DIR; };
		3F6806B729CBBAF200B4F915 /* FakeNFTUITests.swift */ = {isa = PBXFileReference; lastKnownFileType = sourcecode.swift; path = FakeNFTUITests.swift; sourceTree = "<group>"; };
		3F6806D029CBBE6B00B4F915 /* NetworkClient.swift */ = {isa = PBXFileReference; lastKnownFileType = sourcecode.swift; path = NetworkClient.swift; sourceTree = "<group>"; };
		3F6806D229CBBE9600B4F915 /* NetworkRequest.swift */ = {isa = PBXFileReference; lastKnownFileType = sourcecode.swift; path = NetworkRequest.swift; sourceTree = "<group>"; };
		3F6806D429CBBEC700B4F915 /* NetworkTask.swift */ = {isa = PBXFileReference; lastKnownFileType = sourcecode.swift; path = NetworkTask.swift; sourceTree = "<group>"; };
		3F6806D629CBC50A00B4F915 /* CellsReusingUtils.swift */ = {isa = PBXFileReference; lastKnownFileType = sourcecode.swift; path = CellsReusingUtils.swift; sourceTree = "<group>"; };
		3FC8C39229D246BA0081F015 /* DateFormatters+Presets.swift */ = {isa = PBXFileReference; lastKnownFileType = sourcecode.swift; path = "DateFormatters+Presets.swift"; sourceTree = "<group>"; };
		558E39E62C68CE0900FB86AC /* NftService.swift */ = {isa = PBXFileReference; lastKnownFileType = sourcecode.swift; path = NftService.swift; sourceTree = "<group>"; };
		914311402D7480570010F6E0 /* UpdateOrderResponse.swift */ = {isa = PBXFileReference; lastKnownFileType = sourcecode.swift; path = UpdateOrderResponse.swift; sourceTree = "<group>"; };
		91513F432D6B42A50093A10E /* NetworkRequests.swift */ = {isa = PBXFileReference; lastKnownFileType = sourcecode.swift; path = NetworkRequests.swift; sourceTree = "<group>"; };
		915447412D64948500CBED07 /* FilterViewController.swift */ = {isa = PBXFileReference; lastKnownFileType = sourcecode.swift; path = FilterViewController.swift; sourceTree = "<group>"; };
		915447442D64F2E500CBED07 /* FilterMenuButtonModel.swift */ = {isa = PBXFileReference; lastKnownFileType = sourcecode.swift; path = FilterMenuButtonModel.swift; sourceTree = "<group>"; };
		915447462D64F31900CBED07 /* TableHeaderTitleView.swift */ = {isa = PBXFileReference; lastKnownFileType = sourcecode.swift; path = TableHeaderTitleView.swift; sourceTree = "<group>"; };
		91A05D422D6C8AF200247FEA /* Localization.swift */ = {isa = PBXFileReference; lastKnownFileType = sourcecode.swift; path = Localization.swift; sourceTree = "<group>"; };
		91B1CBB02D74EFBB00BCF5B8 /* NetworkRequests.swift */ = {isa = PBXFileReference; lastKnownFileType = sourcecode.swift; path = NetworkRequests.swift; sourceTree = "<group>"; };
		91B1CBB22D74EFCE00BCF5B8 /* RequestBuilder.swift */ = {isa = PBXFileReference; lastKnownFileType = sourcecode.swift; path = RequestBuilder.swift; sourceTree = "<group>"; };
		91B1CBB42D758B1E00BCF5B8 /* Order.swift */ = {isa = PBXFileReference; lastKnownFileType = sourcecode.swift; path = Order.swift; sourceTree = "<group>"; };
		E1A1B9D92AA01CE400C3AFBC /* TabBarController.swift */ = {isa = PBXFileReference; lastKnownFileType = sourcecode.swift; path = TabBarController.swift; sourceTree = "<group>"; };
		E1CD40D82A96BE7D00BE7FE8 /* ru */ = {isa = PBXFileReference; lastKnownFileType = text.plist.strings; name = ru; path = ru.lproj/Main.strings; sourceTree = "<group>"; };
		E1CD40D92A96BE7D00BE7FE8 /* ru */ = {isa = PBXFileReference; lastKnownFileType = text.plist.strings; name = ru; path = ru.lproj/LaunchScreen.strings; sourceTree = "<group>"; };
		E1CD40DB2A96BECC00BE7FE8 /* Localizable.strings */ = {isa = PBXFileReference; lastKnownFileType = text.plist.strings; path = Localizable.strings; sourceTree = "<group>"; };
		F311F0692D7869FA00280A5C /* OrderRequest.swift */ = {isa = PBXFileReference; lastKnownFileType = sourcecode.swift; path = OrderRequest.swift; sourceTree = "<group>"; };
		F34375C02D6C9FA10021AB7B /* AuthorPageModuleFactory.swift */ = {isa = PBXFileReference; lastKnownFileType = sourcecode.swift; path = AuthorPageModuleFactory.swift; sourceTree = "<group>"; };
		F34375C12D6C9FA10021AB7B /* AuthorPagePresenter.swift */ = {isa = PBXFileReference; lastKnownFileType = sourcecode.swift; path = AuthorPagePresenter.swift; sourceTree = "<group>"; };
		F34375C32D6C9FA10021AB7B /* AuthorPageViewController.swift */ = {isa = PBXFileReference; lastKnownFileType = sourcecode.swift; path = AuthorPageViewController.swift; sourceTree = "<group>"; };
		F34A5D942D6B4AF1009F062E /* NFTCollectionDetailBO.swift */ = {isa = PBXFileReference; lastKnownFileType = sourcecode.swift; path = NFTCollectionDetailBO.swift; sourceTree = "<group>"; };
		F36737372D65FF7800F1DF9C /* SF-Pro.ttf */ = {isa = PBXFileReference; lastKnownFileType = file; path = "SF-Pro.ttf"; sourceTree = "<group>"; };
		F3747AE72D6D91CE00AF98A7 /* UsersRequest.swift */ = {isa = PBXFileReference; lastKnownFileType = sourcecode.swift; path = UsersRequest.swift; sourceTree = "<group>"; };
		F388010D2D783165002F2D36 /* Profile.swift */ = {isa = PBXFileReference; lastKnownFileType = sourcecode.swift; path = Profile.swift; sourceTree = "<group>"; };
		F388010F2D7831DC002F2D36 /* ProfileRequest.swift */ = {isa = PBXFileReference; lastKnownFileType = sourcecode.swift; path = ProfileRequest.swift; sourceTree = "<group>"; };
		F3924B192D7723F6002768AD /* UpdateOrderDto.swift */ = {isa = PBXFileReference; lastKnownFileType = sourcecode.swift; path = UpdateOrderDto.swift; sourceTree = "<group>"; };
		F3924B222D77282B002768AD /* NftStorage.swift */ = {isa = PBXFileReference; fileEncoding = 4; lastKnownFileType = sourcecode.swift; name = NftStorage.swift; path = FakeNFT/NftStorage.swift; sourceTree = SOURCE_ROOT; };
		F3C495E92D673CDB00B58C41 /* NftCollectionDetailInput.swift */ = {isa = PBXFileReference; lastKnownFileType = sourcecode.swift; path = NftCollectionDetailInput.swift; sourceTree = "<group>"; };
		F3C495EC2D67429B00B58C41 /* NFTCollectionDetailModuleBuilder.swift */ = {isa = PBXFileReference; lastKnownFileType = sourcecode.swift; path = NFTCollectionDetailModuleBuilder.swift; sourceTree = "<group>"; };
		F3C495ED2D67429B00B58C41 /* NFTCollectionDetailPresenter.swift */ = {isa = PBXFileReference; lastKnownFileType = sourcecode.swift; path = NFTCollectionDetailPresenter.swift; sourceTree = "<group>"; };
		F3C495EE2D67429B00B58C41 /* NFTCollectionDetailRouter.swift */ = {isa = PBXFileReference; lastKnownFileType = sourcecode.swift; path = NFTCollectionDetailRouter.swift; sourceTree = "<group>"; };
		F3C495EF2D67429B00B58C41 /* NFTCollectionDetailViewController.swift */ = {isa = PBXFileReference; lastKnownFileType = sourcecode.swift; path = NFTCollectionDetailViewController.swift; sourceTree = "<group>"; };
		F3C495F02D67429B00B58C41 /* NFTCollectionDetailInteractor.swift */ = {isa = PBXFileReference; lastKnownFileType = sourcecode.swift; path = NFTCollectionDetailInteractor.swift; sourceTree = "<group>"; };
		F3C495F62D674BDB00B58C41 /* NFTCollectionDetailRequest.swift */ = {isa = PBXFileReference; lastKnownFileType = sourcecode.swift; path = NFTCollectionDetailRequest.swift; sourceTree = "<group>"; };
		F3C495F92D6759A300B58C41 /* NFTDetailModuleBuilder.swift */ = {isa = PBXFileReference; lastKnownFileType = sourcecode.swift; path = NFTDetailModuleBuilder.swift; sourceTree = "<group>"; };
		F3C495FA2D6759A300B58C41 /* NFTDetailPresenter.swift */ = {isa = PBXFileReference; lastKnownFileType = sourcecode.swift; path = NFTDetailPresenter.swift; sourceTree = "<group>"; };
		F3C495FB2D6759A300B58C41 /* NFTDetailRouter.swift */ = {isa = PBXFileReference; lastKnownFileType = sourcecode.swift; path = NFTDetailRouter.swift; sourceTree = "<group>"; };
		F3C495FC2D6759A300B58C41 /* NFTDetailViewController.swift */ = {isa = PBXFileReference; lastKnownFileType = sourcecode.swift; path = NFTDetailViewController.swift; sourceTree = "<group>"; };
		F3C495FD2D6759A300B58C41 /* NFTDetailInteractor.swift */ = {isa = PBXFileReference; lastKnownFileType = sourcecode.swift; path = NFTDetailInteractor.swift; sourceTree = "<group>"; };
		F3C496052D675C2500B58C41 /* NFTDetailRequest.swift */ = {isa = PBXFileReference; fileEncoding = 4; lastKnownFileType = sourcecode.swift; path = NFTDetailRequest.swift; sourceTree = "<group>"; };
		F3C496072D676C6F00B58C41 /* Nft.swift */ = {isa = PBXFileReference; lastKnownFileType = sourcecode.swift; path = Nft.swift; sourceTree = "<group>"; };
		F3C4960D2D676EE400B58C41 /* CurrenciesRequest.swift */ = {isa = PBXFileReference; fileEncoding = 4; lastKnownFileType = sourcecode.swift; path = CurrenciesRequest.swift; sourceTree = "<group>"; };
		F3C4960F2D676EF000B58C41 /* Currency.swift */ = {isa = PBXFileReference; fileEncoding = 4; lastKnownFileType = sourcecode.swift; path = Currency.swift; sourceTree = "<group>"; };
		F3C496112D6773BB00B58C41 /* UserRequest.swift */ = {isa = PBXFileReference; lastKnownFileType = sourcecode.swift; path = UserRequest.swift; sourceTree = "<group>"; };
		F3C496132D67745500B58C41 /* User.swift */ = {isa = PBXFileReference; lastKnownFileType = sourcecode.swift; path = User.swift; sourceTree = "<group>"; };
		F3C696382D6457F600D67D34 /* NFTCollectionBO.swift */ = {isa = PBXFileReference; lastKnownFileType = sourcecode.swift; path = NFTCollectionBO.swift; sourceTree = "<group>"; };
		F3CF616A2D631C65002D1B56 /* NFTCollectionListCollectionViewCell.swift */ = {isa = PBXFileReference; lastKnownFileType = sourcecode.swift; path = NFTCollectionListCollectionViewCell.swift; sourceTree = "<group>"; };
		F3CF616C2D632500002D1B56 /* NFTCollectionListRequest.swift */ = {isa = PBXFileReference; lastKnownFileType = sourcecode.swift; path = NFTCollectionListRequest.swift; sourceTree = "<group>"; };
		F3CF61702D635AA8002D1B56 /* NftCollection.swift */ = {isa = PBXFileReference; lastKnownFileType = sourcecode.swift; path = NftCollection.swift; sourceTree = "<group>"; };
		F3CF61722D63A510002D1B56 /* SF-Pro.ttf */ = {isa = PBXFileReference; lastKnownFileType = file; path = "SF-Pro.ttf"; sourceTree = "<group>"; };
		F3DE947C2D6606D3009C36AE /* RatingView.swift */ = {isa = PBXFileReference; fileEncoding = 4; lastKnownFileType = sourcecode.swift; path = RatingView.swift; sourceTree = "<group>"; };
		F3E148EB2D75B91B004F41E8 /* NFTCollectionViewCell.swift */ = {isa = PBXFileReference; lastKnownFileType = sourcecode.swift; path = NFTCollectionViewCell.swift; sourceTree = "<group>"; };
		F3E148ED2D75C7E1004F41E8 /* NftBO.swift */ = {isa = PBXFileReference; lastKnownFileType = sourcecode.swift; path = NftBO.swift; sourceTree = "<group>"; };
		F3EBE0F72D68550100B946E9 /* LocalStorage.swift */ = {isa = PBXFileReference; lastKnownFileType = sourcecode.swift; path = LocalStorage.swift; sourceTree = "<group>"; };
		F3FC1A782D61FAA8002DBE23 /* NFTCollectionListModuleBuilder.swift */ = {isa = PBXFileReference; lastKnownFileType = sourcecode.swift; path = NFTCollectionListModuleBuilder.swift; sourceTree = "<group>"; };
		F3FC1A792D61FAA8002DBE23 /* NFTCollectionListPresenter.swift */ = {isa = PBXFileReference; lastKnownFileType = sourcecode.swift; path = NFTCollectionListPresenter.swift; sourceTree = "<group>"; };
		F3FC1A7A2D61FAA8002DBE23 /* NFTCollectionListRouter.swift */ = {isa = PBXFileReference; lastKnownFileType = sourcecode.swift; path = NFTCollectionListRouter.swift; sourceTree = "<group>"; };
		F3FC1A7B2D61FAA8002DBE23 /* NFTCollectionListViewController.swift */ = {isa = PBXFileReference; lastKnownFileType = sourcecode.swift; path = NFTCollectionListViewController.swift; sourceTree = "<group>"; };
		F3FC1A7C2D61FAA8002DBE23 /* NFTCollectionListInteractor.swift */ = {isa = PBXFileReference; lastKnownFileType = sourcecode.swift; path = NFTCollectionListInteractor.swift; sourceTree = "<group>"; };
/* End PBXFileReference section */

/* Begin PBXFrameworksBuildPhase section */
		3F68069029CBBAF100B4F915 /* Frameworks */ = {
			isa = PBXFrameworksBuildPhase;
			buildActionMask = 2147483647;
			files = (
				F3924B1D2D7725D9002768AD /* Kingfisher in Frameworks */,
				F3924B212D772637002768AD /* ProgressHUD in Frameworks */,
			);
			runOnlyForDeploymentPostprocessing = 0;
		};
		3F6806A629CBBAF200B4F915 /* Frameworks */ = {
			isa = PBXFrameworksBuildPhase;
			buildActionMask = 2147483647;
			files = (
			);
			runOnlyForDeploymentPostprocessing = 0;
		};
		3F6806B029CBBAF200B4F915 /* Frameworks */ = {
			isa = PBXFrameworksBuildPhase;
			buildActionMask = 2147483647;
			files = (
			);
			runOnlyForDeploymentPostprocessing = 0;
		};
/* End PBXFrameworksBuildPhase section */

/* Begin PBXGroup section */
		0CF2C2D92A783C1600FDC837 /* Common */ = {
			isa = PBXGroup;
			children = (
				0CF2C2DF2A784C5600FDC837 /* Views */,
				0CF2C2DE2A784C4C00FDC837 /* Protocols */,
			);
			path = Common;
			sourceTree = "<group>";
		};
		0CF2C2DE2A784C4C00FDC837 /* Protocols */ = {
			isa = PBXGroup;
			children = (
				0CF2C2DA2A783C1B00FDC837 /* LoadingView.swift */,
				0CF2C2DC2A783CE600FDC837 /* ErrorView.swift */,
			);
			path = Protocols;
			sourceTree = "<group>";
		};
		0CF2C2DF2A784C5600FDC837 /* Views */ = {
			isa = PBXGroup;
			children = (
				915447432D64F2CE00CBED07 /* Filter */,
				0CF2C2E02A784C7000FDC837 /* LinePageControl.swift */,
				F3DE947C2D6606D3009C36AE /* RatingView.swift */,
			);
			path = Views;
			sourceTree = "<group>";
		};
		0CFCB74C2A7817C30009A829 /* MemoryStorage */ = {
			isa = PBXGroup;
			children = (
				F3EBE0F72D68550100B946E9 /* LocalStorage.swift */,
			);
			path = MemoryStorage;
			sourceTree = "<group>";
		};
		3F478ECD29DB473000F6D39E /* DesignSystem */ = {
			isa = PBXGroup;
			children = (
				3F478ECE29DB474E00F6D39E /* Colors.swift */,
				3F478ED029DB476500F6D39E /* Fonts.swift */,
			);
			path = DesignSystem;
			sourceTree = "<group>";
		};
		3F68068A29CBBAF100B4F915 = {
			isa = PBXGroup;
			children = (
				3F68069529CBBAF100B4F915 /* FakeNFT */,
				3F6806AC29CBBAF200B4F915 /* FakeNFTTests */,
				3F6806B629CBBAF200B4F915 /* FakeNFTUITests */,
				3F68069429CBBAF100B4F915 /* Products */,
				91B1CBAC2D74EEE200BCF5B8 /* Recovered References */,
			);
			sourceTree = "<group>";
		};
		3F68069429CBBAF100B4F915 /* Products */ = {
			isa = PBXGroup;
			children = (
				3F68069329CBBAF100B4F915 /* FakeNFT.app */,
				3F6806A929CBBAF200B4F915 /* FakeNFTTests.xctest */,
				3F6806B329CBBAF200B4F915 /* FakeNFTUITests.xctest */,
			);
			name = Products;
			sourceTree = "<group>";
		};
		3F68069529CBBAF100B4F915 /* FakeNFT */ = {
			isa = PBXGroup;
			children = (
				3F68069629CBBAF100B4F915 /* AppDelegate.swift */,
				3F68069829CBBAF100B4F915 /* SceneDelegate.swift */,
				E1CD40DA2A96BE9B00BE7FE8 /* Resources */,
				3F478ECD29DB473000F6D39E /* DesignSystem */,
				3F6806CE29CBBD1B00B4F915 /* Foundation */,
				3F6806C929CBBCAF00B4F915 /* Models */,
				3F6806C729CBBC5B00B4F915 /* Scenes */,
				3F6806C629CBBC4E00B4F915 /* Services */,
				3F6806A429CBBAF200B4F915 /* Info.plist */,
			);
			path = FakeNFT;
			sourceTree = "<group>";
		};
		3F6806AC29CBBAF200B4F915 /* FakeNFTTests */ = {
			isa = PBXGroup;
			children = (
				3F6806AD29CBBAF200B4F915 /* ExampleUnitTests.swift */,
			);
			path = FakeNFTTests;
			sourceTree = "<group>";
		};
		3F6806B629CBBAF200B4F915 /* FakeNFTUITests */ = {
			isa = PBXGroup;
			children = (
				3F6806B729CBBAF200B4F915 /* FakeNFTUITests.swift */,
			);
			path = FakeNFTUITests;
			sourceTree = "<group>";
		};
		3F6806C629CBBC4E00B4F915 /* Services */ = {
			isa = PBXGroup;
			children = (
				3FC8C38F29D245250081F015 /* Requests */,
				0C79EE6B2A76DE2E00EE90EA /* ServicesAssemly.swift */,
				558E39E62C68CE0900FB86AC /* NftService.swift */,
				F3924B222D77282B002768AD /* NftStorage.swift */,
				F3C495FD2D6759A300B58C41 /* NFTDetailInteractor.swift */,
				F3C495F02D67429B00B58C41 /* NFTCollectionDetailInteractor.swift */,
				F3FC1A7C2D61FAA8002DBE23 /* NFTCollectionListInteractor.swift */,
				91513F432D6B42A50093A10E /* NetworkRequests.swift */,
			);
			path = Services;
			sourceTree = "<group>";
		};
		3F6806C729CBBC5B00B4F915 /* Scenes */ = {
			isa = PBXGroup;
			children = (
				F34375BF2D6C93AC0021AB7B /* AuthorPage */,
				F3C495F82D67598800B58C41 /* NFTDetail */,
				F3C495EB2D67427C00B58C41 /* NFTCollectionDetail */,
				F3FC1A822D61FAB5002DBE23 /* NFTCollectionList */,
				E1A1B9D82AA01C9700C3AFBC /* TabBarController */,
				0CF2C2D92A783C1600FDC837 /* Common */,
				3F6806C829CBBC8100B4F915 /* ProductDetails */,
			);
			path = Scenes;
			sourceTree = "<group>";
		};
		3F6806C829CBBC8100B4F915 /* ProductDetails */ = {
			isa = PBXGroup;
			children = (
				3F68069A29CBBAF100B4F915 /* ProductDetailsTableViewController.swift */,
			);
			path = ProductDetails;
			sourceTree = "<group>";
		};
		3F6806C929CBBCAF00B4F915 /* Models */ = {
			isa = PBXGroup;
			children = (
				3F6806D829CC979D00B4F915 /* Network */,
			);
			path = Models;
			sourceTree = "<group>";
		};
		3F6806CE29CBBD1B00B4F915 /* Foundation */ = {
			isa = PBXGroup;
			children = (
				0CFCB74C2A7817C30009A829 /* MemoryStorage */,
				3F6806CF29CBBDB100B4F915 /* NetworkClient */,
				3F6806D629CBC50A00B4F915 /* CellsReusingUtils.swift */,
				3FC8C39229D246BA0081F015 /* DateFormatters+Presets.swift */,
				0CFCB74A2A780EA80009A829 /* UIView+Constraints.swift */,
			);
			path = Foundation;
			sourceTree = "<group>";
		};
		3F6806CF29CBBDB100B4F915 /* NetworkClient */ = {
			isa = PBXGroup;
			children = (
				3F6806D029CBBE6B00B4F915 /* NetworkClient.swift */,
				3F6806D229CBBE9600B4F915 /* NetworkRequest.swift */,
				3F6806D429CBBEC700B4F915 /* NetworkTask.swift */,
			);
			path = NetworkClient;
			sourceTree = "<group>";
		};
		3F6806D829CC979D00B4F915 /* Network */ = {
			isa = PBXGroup;
			children = (
				F3CF61702D635AA8002D1B56 /* NftCollection.swift */,
				F3C496072D676C6F00B58C41 /* Nft.swift */,
				F3C4960F2D676EF000B58C41 /* Currency.swift */,
				F3C496132D67745500B58C41 /* User.swift */,
				914311402D7480570010F6E0 /* UpdateOrderResponse.swift */,
				91B1CBB42D758B1E00BCF5B8 /* Order.swift */,
				F388010D2D783165002F2D36 /* Profile.swift */,
			);
			path = Network;
			sourceTree = "<group>";
		};
		3FC8C38F29D245250081F015 /* Requests */ = {
			isa = PBXGroup;
			children = (
				0C79EE622A76DD1900EE90EA /* RequestConstants.swift */,
				F3CF616C2D632500002D1B56 /* NFTCollectionListRequest.swift */,
				F3C495F62D674BDB00B58C41 /* NFTCollectionDetailRequest.swift */,
				F3C496052D675C2500B58C41 /* NFTDetailRequest.swift */,
				F3C4960D2D676EE400B58C41 /* CurrenciesRequest.swift */,
				F3C496112D6773BB00B58C41 /* UserRequest.swift */,
				F3747AE72D6D91CE00AF98A7 /* UsersRequest.swift */,
				91B1CBB02D74EFBB00BCF5B8 /* NetworkRequests.swift */,
				91B1CBB22D74EFCE00BCF5B8 /* RequestBuilder.swift */,
				F3924B192D7723F6002768AD /* UpdateOrderDto.swift */,
				F388010F2D7831DC002F2D36 /* ProfileRequest.swift */,
				F311F0692D7869FA00280A5C /* OrderRequest.swift */,
			);
			path = Requests;
			sourceTree = "<group>";
		};
		915447432D64F2CE00CBED07 /* Filter */ = {
			isa = PBXGroup;
			children = (
				915447412D64948500CBED07 /* FilterViewController.swift */,
				915447442D64F2E500CBED07 /* FilterMenuButtonModel.swift */,
				915447462D64F31900CBED07 /* TableHeaderTitleView.swift */,
			);
			path = Filter;
			sourceTree = "<group>";
		};
		91B1CBAC2D74EEE200BCF5B8 /* Recovered References */ = {
			isa = PBXGroup;
			children = (
				0C79EE602A76DCD600EE90EA /* NftByIdRequest.swift */,
				F3CF61722D63A510002D1B56 /* SF-Pro.ttf */,
			);
			name = "Recovered References";
			sourceTree = "<group>";
		};
		E1A1B9D82AA01C9700C3AFBC /* TabBarController */ = {
			isa = PBXGroup;
			children = (
				E1A1B9D92AA01CE400C3AFBC /* TabBarController.swift */,
			);
			path = TabBarController;
			sourceTree = "<group>";
		};
		E1CD40DA2A96BE9B00BE7FE8 /* Resources */ = {
			isa = PBXGroup;
			children = (
				F36737372D65FF7800F1DF9C /* SF-Pro.ttf */,
				3F68069C29CBBAF100B4F915 /* Main.storyboard */,
				3F68069F29CBBAF200B4F915 /* Assets.xcassets */,
				3F6806A129CBBAF200B4F915 /* LaunchScreen.storyboard */,
				E1CD40DB2A96BECC00BE7FE8 /* Localizable.strings */,
				91A05D422D6C8AF200247FEA /* Localization.swift */,
			);
			path = Resources;
			sourceTree = "<group>";
		};
		F34375BF2D6C93AC0021AB7B /* AuthorPage */ = {
			isa = PBXGroup;
			children = (
				F34375C02D6C9FA10021AB7B /* AuthorPageModuleFactory.swift */,
				F34375C12D6C9FA10021AB7B /* AuthorPagePresenter.swift */,
				F34375C32D6C9FA10021AB7B /* AuthorPageViewController.swift */,
			);
			path = AuthorPage;
			sourceTree = "<group>";
		};
		F3C495EB2D67427C00B58C41 /* NFTCollectionDetail */ = {
			isa = PBXGroup;
			children = (
				F3E148EA2D75B54C004F41E8 /* Cell */,
				F3C495EC2D67429B00B58C41 /* NFTCollectionDetailModuleBuilder.swift */,
				F3C495ED2D67429B00B58C41 /* NFTCollectionDetailPresenter.swift */,
				F3C495EE2D67429B00B58C41 /* NFTCollectionDetailRouter.swift */,
				F3C495EF2D67429B00B58C41 /* NFTCollectionDetailViewController.swift */,
				F34A5D942D6B4AF1009F062E /* NFTCollectionDetailBO.swift */,
			);
			path = NFTCollectionDetail;
			sourceTree = "<group>";
		};
		F3C495F82D67598800B58C41 /* NFTDetail */ = {
			isa = PBXGroup;
			children = (
				F3C495F92D6759A300B58C41 /* NFTDetailModuleBuilder.swift */,
				F3C495FA2D6759A300B58C41 /* NFTDetailPresenter.swift */,
				F3C495FB2D6759A300B58C41 /* NFTDetailRouter.swift */,
				F3C495FC2D6759A300B58C41 /* NFTDetailViewController.swift */,
			);
			path = NFTDetail;
			sourceTree = "<group>";
		};
		F3CF61692D631C2C002D1B56 /* Cell */ = {
			isa = PBXGroup;
			children = (
				F3CF616A2D631C65002D1B56 /* NFTCollectionListCollectionViewCell.swift */,
				F3C696382D6457F600D67D34 /* NFTCollectionBO.swift */,
			);
			path = Cell;
			sourceTree = "<group>";
		};
		F3E148EA2D75B54C004F41E8 /* Cell */ = {
			isa = PBXGroup;
			children = (
				F3E148EB2D75B91B004F41E8 /* NFTCollectionViewCell.swift */,
				F3E148ED2D75C7E1004F41E8 /* NftBO.swift */,
			);
			path = Cell;
			sourceTree = "<group>";
		};
		F3FC1A822D61FAB5002DBE23 /* NFTCollectionList */ = {
			isa = PBXGroup;
			children = (
				F3CF61692D631C2C002D1B56 /* Cell */,
				F3FC1A782D61FAA8002DBE23 /* NFTCollectionListModuleBuilder.swift */,
				F3FC1A792D61FAA8002DBE23 /* NFTCollectionListPresenter.swift */,
				F3FC1A7A2D61FAA8002DBE23 /* NFTCollectionListRouter.swift */,
				F3FC1A7B2D61FAA8002DBE23 /* NFTCollectionListViewController.swift */,
				F3C495E92D673CDB00B58C41 /* NftCollectionDetailInput.swift */,
			);
			path = NFTCollectionList;
			sourceTree = "<group>";
		};
/* End PBXGroup section */

/* Begin PBXNativeTarget section */
		3F68069229CBBAF100B4F915 /* FakeNFT */ = {
			isa = PBXNativeTarget;
			buildConfigurationList = 3F6806BD29CBBAF200B4F915 /* Build configuration list for PBXNativeTarget "FakeNFT" */;
			buildPhases = (
				3F68068F29CBBAF100B4F915 /* Sources */,
				3F68069029CBBAF100B4F915 /* Frameworks */,
				3F68069129CBBAF100B4F915 /* Resources */,
			);
			buildRules = (
			);
			dependencies = (
			);
			name = FakeNFT;
			packageProductDependencies = (
				F3924B1C2D7725D9002768AD /* Kingfisher */,
				F3924B202D772637002768AD /* ProgressHUD */,
			);
			productName = FakeNFT;
			productReference = 3F68069329CBBAF100B4F915 /* FakeNFT.app */;
			productType = "com.apple.product-type.application";
		};
		3F6806A829CBBAF200B4F915 /* FakeNFTTests */ = {
			isa = PBXNativeTarget;
			buildConfigurationList = 3F6806C029CBBAF200B4F915 /* Build configuration list for PBXNativeTarget "FakeNFTTests" */;
			buildPhases = (
				3F6806A529CBBAF200B4F915 /* Sources */,
				3F6806A629CBBAF200B4F915 /* Frameworks */,
				3F6806A729CBBAF200B4F915 /* Resources */,
			);
			buildRules = (
			);
			dependencies = (
				3F6806AB29CBBAF200B4F915 /* PBXTargetDependency */,
			);
			name = FakeNFTTests;
			productName = FakeNFTTests;
			productReference = 3F6806A929CBBAF200B4F915 /* FakeNFTTests.xctest */;
			productType = "com.apple.product-type.bundle.unit-test";
		};
		3F6806B229CBBAF200B4F915 /* FakeNFTUITests */ = {
			isa = PBXNativeTarget;
			buildConfigurationList = 3F6806C329CBBAF200B4F915 /* Build configuration list for PBXNativeTarget "FakeNFTUITests" */;
			buildPhases = (
				3F6806AF29CBBAF200B4F915 /* Sources */,
				3F6806B029CBBAF200B4F915 /* Frameworks */,
				3F6806B129CBBAF200B4F915 /* Resources */,
			);
			buildRules = (
			);
			dependencies = (
				3F6806B529CBBAF200B4F915 /* PBXTargetDependency */,
			);
			name = FakeNFTUITests;
			productName = FakeNFTUITests;
			productReference = 3F6806B329CBBAF200B4F915 /* FakeNFTUITests.xctest */;
			productType = "com.apple.product-type.bundle.ui-testing";
		};
/* End PBXNativeTarget section */

/* Begin PBXProject section */
		3F68068B29CBBAF100B4F915 /* Project object */ = {
			isa = PBXProject;
			attributes = {
				BuildIndependentTargetsInParallel = 1;
				LastSwiftUpdateCheck = 1420;
				LastUpgradeCheck = 1420;
				TargetAttributes = {
					3F68069229CBBAF100B4F915 = {
						CreatedOnToolsVersion = 14.2;
					};
					3F6806A829CBBAF200B4F915 = {
						CreatedOnToolsVersion = 14.2;
						TestTargetID = 3F68069229CBBAF100B4F915;
					};
					3F6806B229CBBAF200B4F915 = {
						CreatedOnToolsVersion = 14.2;
						TestTargetID = 3F68069229CBBAF100B4F915;
					};
				};
			};
			buildConfigurationList = 3F68068E29CBBAF100B4F915 /* Build configuration list for PBXProject "FakeNFT" */;
			compatibilityVersion = "Xcode 14.0";
			developmentRegion = ru;
			hasScannedForEncodings = 0;
			knownRegions = (
				en,
				Base,
				ru,
			);
			mainGroup = 3F68068A29CBBAF100B4F915;
			packageReferences = (
				F3924B1B2D7725D9002768AD /* XCRemoteSwiftPackageReference "Kingfisher" */,
				F3924B1F2D772637002768AD /* XCRemoteSwiftPackageReference "ProgressHUD" */,
			);
			productRefGroup = 3F68069429CBBAF100B4F915 /* Products */;
			projectDirPath = "";
			projectRoot = "";
			targets = (
				3F68069229CBBAF100B4F915 /* FakeNFT */,
				3F6806A829CBBAF200B4F915 /* FakeNFTTests */,
				3F6806B229CBBAF200B4F915 /* FakeNFTUITests */,
			);
		};
/* End PBXProject section */

/* Begin PBXResourcesBuildPhase section */
		3F68069129CBBAF100B4F915 /* Resources */ = {
			isa = PBXResourcesBuildPhase;
			buildActionMask = 2147483647;
			files = (
				3F6806A329CBBAF200B4F915 /* LaunchScreen.storyboard in Resources */,
				E1CD40DC2A96BECC00BE7FE8 /* Localizable.strings in Resources */,
				3F6806A029CBBAF200B4F915 /* Assets.xcassets in Resources */,
				3F68069E29CBBAF100B4F915 /* Main.storyboard in Resources */,
				F36737382D65FF7800F1DF9C /* SF-Pro.ttf in Resources */,
			);
			runOnlyForDeploymentPostprocessing = 0;
		};
		3F6806A729CBBAF200B4F915 /* Resources */ = {
			isa = PBXResourcesBuildPhase;
			buildActionMask = 2147483647;
			files = (
			);
			runOnlyForDeploymentPostprocessing = 0;
		};
		3F6806B129CBBAF200B4F915 /* Resources */ = {
			isa = PBXResourcesBuildPhase;
			buildActionMask = 2147483647;
			files = (
			);
			runOnlyForDeploymentPostprocessing = 0;
		};
/* End PBXResourcesBuildPhase section */

/* Begin PBXSourcesBuildPhase section */
		3F68068F29CBBAF100B4F915 /* Sources */ = {
			isa = PBXSourcesBuildPhase;
			buildActionMask = 2147483647;
			files = (
				F3E148EC2D75B91B004F41E8 /* NFTCollectionViewCell.swift in Sources */,
				91B1CBB32D74EFCE00BCF5B8 /* RequestBuilder.swift in Sources */,
				914311412D7480570010F6E0 /* UpdateOrderResponse.swift in Sources */,
				3F478ECF29DB474E00F6D39E /* Colors.swift in Sources */,
				F3C4960E2D676EE400B58C41 /* CurrenciesRequest.swift in Sources */,
				E1A1B9DA2AA01CE400C3AFBC /* TabBarController.swift in Sources */,
				3F478ED129DB476500F6D39E /* Fonts.swift in Sources */,
				F34A5D952D6B4AF1009F062E /* NFTCollectionDetailBO.swift in Sources */,
				3FC8C39329D246BA0081F015 /* DateFormatters+Presets.swift in Sources */,
				F3C496122D6773BB00B58C41 /* UserRequest.swift in Sources */,
				F3FC1A7F2D61FAA8002DBE23 /* NFTCollectionListRouter.swift in Sources */,
				F3CF616D2D632500002D1B56 /* NFTCollectionListRequest.swift in Sources */,
				F3E148EE2D75C7E1004F41E8 /* NftBO.swift in Sources */,
				F3C495F52D67429B00B58C41 /* NFTCollectionDetailInteractor.swift in Sources */,
				0CF2C2DD2A783CE600FDC837 /* ErrorView.swift in Sources */,
				F34375C62D6C9FA10021AB7B /* AuthorPagePresenter.swift in Sources */,
				915447472D64F31900CBED07 /* TableHeaderTitleView.swift in Sources */,
				91A05D432D6C8AF200247FEA /* Localization.swift in Sources */,
				F3DE947D2D6606D3009C36AE /* RatingView.swift in Sources */,
				3F6806D529CBBEC700B4F915 /* NetworkTask.swift in Sources */,
				F3C495F72D674BDB00B58C41 /* NFTCollectionDetailRequest.swift in Sources */,
				F34375C52D6C9FA10021AB7B /* AuthorPageModuleFactory.swift in Sources */,
				91B1CBB12D74EFBB00BCF5B8 /* NetworkRequests.swift in Sources */,
				0CF2C2DB2A783C1B00FDC837 /* LoadingView.swift in Sources */,
				558E39E72C68CE0A00FB86AC /* NftService.swift in Sources */,
				3F68069729CBBAF100B4F915 /* AppDelegate.swift in Sources */,
				3F68069929CBBAF100B4F915 /* SceneDelegate.swift in Sources */,
				0C79EE6C2A76DE2E00EE90EA /* ServicesAssemly.swift in Sources */,
				F34375C82D6C9FA10021AB7B /* AuthorPageViewController.swift in Sources */,
				F3C496012D6759A300B58C41 /* NFTDetailViewController.swift in Sources */,
				F3C496102D676EF000B58C41 /* Currency.swift in Sources */,
				F3C495F22D67429B00B58C41 /* NFTCollectionDetailPresenter.swift in Sources */,
				F3747AE82D6D91CE00AF98A7 /* UsersRequest.swift in Sources */,
				F38801102D7831DC002F2D36 /* ProfileRequest.swift in Sources */,
				F3C496022D6759A300B58C41 /* NFTDetailInteractor.swift in Sources */,
				F3C495FF2D6759A300B58C41 /* NFTDetailPresenter.swift in Sources */,
				915447422D64948500CBED07 /* FilterViewController.swift in Sources */,
				F3C495EA2D673CDB00B58C41 /* NftCollectionDetailInput.swift in Sources */,
				F3C495FE2D6759A300B58C41 /* NFTDetailModuleBuilder.swift in Sources */,
				F3C496002D6759A300B58C41 /* NFTDetailRouter.swift in Sources */,
				F3924B232D77282B002768AD /* NftStorage.swift in Sources */,
				0CFCB74B2A780EA80009A829 /* UIView+Constraints.swift in Sources */,
				3F6806D729CBC50A00B4F915 /* CellsReusingUtils.swift in Sources */,
				F3C496062D675C2500B58C41 /* NFTDetailRequest.swift in Sources */,
				F3CF61712D635AA8002D1B56 /* NftCollection.swift in Sources */,
				F3FC1A812D61FAA8002DBE23 /* NFTCollectionListInteractor.swift in Sources */,
				F3EBE0F82D68550100B946E9 /* LocalStorage.swift in Sources */,
				0CF2C2E12A784C7000FDC837 /* LinePageControl.swift in Sources */,
				F3C495F12D67429B00B58C41 /* NFTCollectionDetailModuleBuilder.swift in Sources */,
				F3CF616B2D631C65002D1B56 /* NFTCollectionListCollectionViewCell.swift in Sources */,
				F3C496142D67745500B58C41 /* User.swift in Sources */,
				3F6806D329CBBE9600B4F915 /* NetworkRequest.swift in Sources */,
				F3C496082D676C6F00B58C41 /* Nft.swift in Sources */,
				F3924B1A2D7723F6002768AD /* UpdateOrderDto.swift in Sources */,
				F3FC1A7E2D61FAA8002DBE23 /* NFTCollectionListPresenter.swift in Sources */,
				F3FC1A7D2D61FAA8002DBE23 /* NFTCollectionListModuleBuilder.swift in Sources */,
				F3C495F42D67429B00B58C41 /* NFTCollectionDetailViewController.swift in Sources */,
				F3FC1A802D61FAA8002DBE23 /* NFTCollectionListViewController.swift in Sources */,
				F311F06A2D7869FA00280A5C /* OrderRequest.swift in Sources */,
				F388010E2D783165002F2D36 /* Profile.swift in Sources */,
				3F6806D129CBBE6B00B4F915 /* NetworkClient.swift in Sources */,
				915447452D64F2E500CBED07 /* FilterMenuButtonModel.swift in Sources */,
				F3C696392D6457F600D67D34 /* NFTCollectionBO.swift in Sources */,
				0C79EE632A76DD1900EE90EA /* RequestConstants.swift in Sources */,
				F3C495F32D67429B00B58C41 /* NFTCollectionDetailRouter.swift in Sources */,
				91B1CBB52D758B1E00BCF5B8 /* Order.swift in Sources */,
			);
			runOnlyForDeploymentPostprocessing = 0;
		};
		3F6806A529CBBAF200B4F915 /* Sources */ = {
			isa = PBXSourcesBuildPhase;
			buildActionMask = 2147483647;
			files = (
				3F6806AE29CBBAF200B4F915 /* ExampleUnitTests.swift in Sources */,
			);
			runOnlyForDeploymentPostprocessing = 0;
		};
		3F6806AF29CBBAF200B4F915 /* Sources */ = {
			isa = PBXSourcesBuildPhase;
			buildActionMask = 2147483647;
			files = (
				3F6806B829CBBAF200B4F915 /* FakeNFTUITests.swift in Sources */,
			);
			runOnlyForDeploymentPostprocessing = 0;
		};
/* End PBXSourcesBuildPhase section */

/* Begin PBXTargetDependency section */
		3F6806AB29CBBAF200B4F915 /* PBXTargetDependency */ = {
			isa = PBXTargetDependency;
			target = 3F68069229CBBAF100B4F915 /* FakeNFT */;
			targetProxy = 3F6806AA29CBBAF200B4F915 /* PBXContainerItemProxy */;
		};
		3F6806B529CBBAF200B4F915 /* PBXTargetDependency */ = {
			isa = PBXTargetDependency;
			target = 3F68069229CBBAF100B4F915 /* FakeNFT */;
			targetProxy = 3F6806B429CBBAF200B4F915 /* PBXContainerItemProxy */;
		};
/* End PBXTargetDependency section */

/* Begin PBXVariantGroup section */
		3F68069C29CBBAF100B4F915 /* Main.storyboard */ = {
			isa = PBXVariantGroup;
			children = (
				3F68069D29CBBAF100B4F915 /* Base */,
				E1CD40D82A96BE7D00BE7FE8 /* ru */,
			);
			name = Main.storyboard;
			sourceTree = "<group>";
		};
		3F6806A129CBBAF200B4F915 /* LaunchScreen.storyboard */ = {
			isa = PBXVariantGroup;
			children = (
				3F6806A229CBBAF200B4F915 /* Base */,
				E1CD40D92A96BE7D00BE7FE8 /* ru */,
			);
			name = LaunchScreen.storyboard;
			sourceTree = "<group>";
		};
/* End PBXVariantGroup section */

/* Begin XCBuildConfiguration section */
		3F6806BB29CBBAF200B4F915 /* Debug */ = {
			isa = XCBuildConfiguration;
			buildSettings = {
				ALWAYS_SEARCH_USER_PATHS = NO;
				CLANG_ANALYZER_LOCALIZABILITY_NONLOCALIZED = YES;
				CLANG_ANALYZER_NONNULL = YES;
				CLANG_ANALYZER_NUMBER_OBJECT_CONVERSION = YES_AGGRESSIVE;
				CLANG_CXX_LANGUAGE_STANDARD = "gnu++20";
				CLANG_ENABLE_MODULES = YES;
				CLANG_ENABLE_OBJC_ARC = YES;
				CLANG_ENABLE_OBJC_WEAK = YES;
				CLANG_WARN_BLOCK_CAPTURE_AUTORELEASING = YES;
				CLANG_WARN_BOOL_CONVERSION = YES;
				CLANG_WARN_COMMA = YES;
				CLANG_WARN_CONSTANT_CONVERSION = YES;
				CLANG_WARN_DEPRECATED_OBJC_IMPLEMENTATIONS = YES;
				CLANG_WARN_DIRECT_OBJC_ISA_USAGE = YES_ERROR;
				CLANG_WARN_DOCUMENTATION_COMMENTS = YES;
				CLANG_WARN_EMPTY_BODY = YES;
				CLANG_WARN_ENUM_CONVERSION = YES;
				CLANG_WARN_INFINITE_RECURSION = YES;
				CLANG_WARN_INT_CONVERSION = YES;
				CLANG_WARN_NON_LITERAL_NULL_CONVERSION = YES;
				CLANG_WARN_OBJC_IMPLICIT_RETAIN_SELF = YES;
				CLANG_WARN_OBJC_LITERAL_CONVERSION = YES;
				CLANG_WARN_OBJC_ROOT_CLASS = YES_ERROR;
				CLANG_WARN_QUOTED_INCLUDE_IN_FRAMEWORK_HEADER = YES;
				CLANG_WARN_RANGE_LOOP_ANALYSIS = YES;
				CLANG_WARN_STRICT_PROTOTYPES = YES;
				CLANG_WARN_SUSPICIOUS_MOVE = YES;
				CLANG_WARN_UNGUARDED_AVAILABILITY = YES_AGGRESSIVE;
				CLANG_WARN_UNREACHABLE_CODE = YES;
				CLANG_WARN__DUPLICATE_METHOD_MATCH = YES;
				COPY_PHASE_STRIP = NO;
				DEBUG_INFORMATION_FORMAT = dwarf;
				ENABLE_STRICT_OBJC_MSGSEND = YES;
				ENABLE_TESTABILITY = YES;
				GCC_C_LANGUAGE_STANDARD = gnu11;
				GCC_DYNAMIC_NO_PIC = NO;
				GCC_NO_COMMON_BLOCKS = YES;
				GCC_OPTIMIZATION_LEVEL = 0;
				GCC_PREPROCESSOR_DEFINITIONS = (
					"DEBUG=1",
					"$(inherited)",
				);
				GCC_WARN_64_TO_32_BIT_CONVERSION = YES;
				GCC_WARN_ABOUT_RETURN_TYPE = YES_ERROR;
				GCC_WARN_UNDECLARED_SELECTOR = YES;
				GCC_WARN_UNINITIALIZED_AUTOS = YES_AGGRESSIVE;
				GCC_WARN_UNUSED_FUNCTION = YES;
				GCC_WARN_UNUSED_VARIABLE = YES;
				IPHONEOS_DEPLOYMENT_TARGET = 13.0;
				MTL_ENABLE_DEBUG_INFO = INCLUDE_SOURCE;
				MTL_FAST_MATH = YES;
				ONLY_ACTIVE_ARCH = YES;
				SDKROOT = iphoneos;
				SWIFT_ACTIVE_COMPILATION_CONDITIONS = DEBUG;
				SWIFT_OPTIMIZATION_LEVEL = "-Onone";
			};
			name = Debug;
		};
		3F6806BC29CBBAF200B4F915 /* Release */ = {
			isa = XCBuildConfiguration;
			buildSettings = {
				ALWAYS_SEARCH_USER_PATHS = NO;
				CLANG_ANALYZER_LOCALIZABILITY_NONLOCALIZED = YES;
				CLANG_ANALYZER_NONNULL = YES;
				CLANG_ANALYZER_NUMBER_OBJECT_CONVERSION = YES_AGGRESSIVE;
				CLANG_CXX_LANGUAGE_STANDARD = "gnu++20";
				CLANG_ENABLE_MODULES = YES;
				CLANG_ENABLE_OBJC_ARC = YES;
				CLANG_ENABLE_OBJC_WEAK = YES;
				CLANG_WARN_BLOCK_CAPTURE_AUTORELEASING = YES;
				CLANG_WARN_BOOL_CONVERSION = YES;
				CLANG_WARN_COMMA = YES;
				CLANG_WARN_CONSTANT_CONVERSION = YES;
				CLANG_WARN_DEPRECATED_OBJC_IMPLEMENTATIONS = YES;
				CLANG_WARN_DIRECT_OBJC_ISA_USAGE = YES_ERROR;
				CLANG_WARN_DOCUMENTATION_COMMENTS = YES;
				CLANG_WARN_EMPTY_BODY = YES;
				CLANG_WARN_ENUM_CONVERSION = YES;
				CLANG_WARN_INFINITE_RECURSION = YES;
				CLANG_WARN_INT_CONVERSION = YES;
				CLANG_WARN_NON_LITERAL_NULL_CONVERSION = YES;
				CLANG_WARN_OBJC_IMPLICIT_RETAIN_SELF = YES;
				CLANG_WARN_OBJC_LITERAL_CONVERSION = YES;
				CLANG_WARN_OBJC_ROOT_CLASS = YES_ERROR;
				CLANG_WARN_QUOTED_INCLUDE_IN_FRAMEWORK_HEADER = YES;
				CLANG_WARN_RANGE_LOOP_ANALYSIS = YES;
				CLANG_WARN_STRICT_PROTOTYPES = YES;
				CLANG_WARN_SUSPICIOUS_MOVE = YES;
				CLANG_WARN_UNGUARDED_AVAILABILITY = YES_AGGRESSIVE;
				CLANG_WARN_UNREACHABLE_CODE = YES;
				CLANG_WARN__DUPLICATE_METHOD_MATCH = YES;
				COPY_PHASE_STRIP = NO;
				DEBUG_INFORMATION_FORMAT = "dwarf-with-dsym";
				ENABLE_NS_ASSERTIONS = NO;
				ENABLE_STRICT_OBJC_MSGSEND = YES;
				GCC_C_LANGUAGE_STANDARD = gnu11;
				GCC_NO_COMMON_BLOCKS = YES;
				GCC_WARN_64_TO_32_BIT_CONVERSION = YES;
				GCC_WARN_ABOUT_RETURN_TYPE = YES_ERROR;
				GCC_WARN_UNDECLARED_SELECTOR = YES;
				GCC_WARN_UNINITIALIZED_AUTOS = YES_AGGRESSIVE;
				GCC_WARN_UNUSED_FUNCTION = YES;
				GCC_WARN_UNUSED_VARIABLE = YES;
				IPHONEOS_DEPLOYMENT_TARGET = 13.0;
				MTL_ENABLE_DEBUG_INFO = NO;
				MTL_FAST_MATH = YES;
				SDKROOT = iphoneos;
				SWIFT_COMPILATION_MODE = wholemodule;
				SWIFT_OPTIMIZATION_LEVEL = "-O";
				VALIDATE_PRODUCT = YES;
			};
			name = Release;
		};
		3F6806BE29CBBAF200B4F915 /* Debug */ = {
			isa = XCBuildConfiguration;
			buildSettings = {
				ASSETCATALOG_COMPILER_APPICON_NAME = AppIcon;
				ASSETCATALOG_COMPILER_GLOBAL_ACCENT_COLOR_NAME = AccentColor;
				CODE_SIGN_STYLE = Automatic;
				CURRENT_PROJECT_VERSION = 1;
				DEVELOPMENT_TEAM = 6H2GQX47PU;
				GENERATE_INFOPLIST_FILE = YES;
				INFOPLIST_FILE = FakeNFT/Info.plist;
				INFOPLIST_KEY_UIApplicationSupportsIndirectInputEvents = YES;
				INFOPLIST_KEY_UILaunchStoryboardName = LaunchScreen;
				INFOPLIST_KEY_UIMainStoryboardFile = Main;
				INFOPLIST_KEY_UISupportedInterfaceOrientations_iPad = "UIInterfaceOrientationPortrait UIInterfaceOrientationPortraitUpsideDown UIInterfaceOrientationLandscapeLeft UIInterfaceOrientationLandscapeRight";
				INFOPLIST_KEY_UISupportedInterfaceOrientations_iPhone = "UIInterfaceOrientationPortrait UIInterfaceOrientationLandscapeLeft UIInterfaceOrientationLandscapeRight";
				IPHONEOS_DEPLOYMENT_TARGET = 13.0;
				LD_RUNPATH_SEARCH_PATHS = (
					"$(inherited)",
					"@executable_path/Frameworks",
				);
				MARKETING_VERSION = 1.0;
				PRODUCT_BUNDLE_IDENTIFIER = com.practicum.FakeNFT;
				PRODUCT_NAME = "$(TARGET_NAME)";
				SWIFT_EMIT_LOC_STRINGS = YES;
				SWIFT_VERSION = 5.0;
				TARGETED_DEVICE_FAMILY = "1,2";
			};
			name = Debug;
		};
		3F6806BF29CBBAF200B4F915 /* Release */ = {
			isa = XCBuildConfiguration;
			buildSettings = {
				ASSETCATALOG_COMPILER_APPICON_NAME = AppIcon;
				ASSETCATALOG_COMPILER_GLOBAL_ACCENT_COLOR_NAME = AccentColor;
				CODE_SIGN_STYLE = Automatic;
				CURRENT_PROJECT_VERSION = 1;
				DEVELOPMENT_TEAM = 6H2GQX47PU;
				GENERATE_INFOPLIST_FILE = YES;
				INFOPLIST_FILE = FakeNFT/Info.plist;
				INFOPLIST_KEY_UIApplicationSupportsIndirectInputEvents = YES;
				INFOPLIST_KEY_UILaunchStoryboardName = LaunchScreen;
				INFOPLIST_KEY_UIMainStoryboardFile = Main;
				INFOPLIST_KEY_UISupportedInterfaceOrientations_iPad = "UIInterfaceOrientationPortrait UIInterfaceOrientationPortraitUpsideDown UIInterfaceOrientationLandscapeLeft UIInterfaceOrientationLandscapeRight";
				INFOPLIST_KEY_UISupportedInterfaceOrientations_iPhone = "UIInterfaceOrientationPortrait UIInterfaceOrientationLandscapeLeft UIInterfaceOrientationLandscapeRight";
				IPHONEOS_DEPLOYMENT_TARGET = 13.0;
				LD_RUNPATH_SEARCH_PATHS = (
					"$(inherited)",
					"@executable_path/Frameworks",
				);
				MARKETING_VERSION = 1.0;
				PRODUCT_BUNDLE_IDENTIFIER = com.practicum.FakeNFT;
				PRODUCT_NAME = "$(TARGET_NAME)";
				SWIFT_EMIT_LOC_STRINGS = YES;
				SWIFT_VERSION = 5.0;
				TARGETED_DEVICE_FAMILY = "1,2";
			};
			name = Release;
		};
		3F6806C129CBBAF200B4F915 /* Debug */ = {
			isa = XCBuildConfiguration;
			buildSettings = {
				ALWAYS_EMBED_SWIFT_STANDARD_LIBRARIES = YES;
				BUNDLE_LOADER = "$(TEST_HOST)";
				CODE_SIGN_STYLE = Automatic;
				CURRENT_PROJECT_VERSION = 1;
				GENERATE_INFOPLIST_FILE = YES;
				IPHONEOS_DEPLOYMENT_TARGET = 16.2;
				MARKETING_VERSION = 1.0;
				PRODUCT_BUNDLE_IDENTIFIER = com.practicum.FakeNFTTests;
				PRODUCT_NAME = "$(TARGET_NAME)";
				SWIFT_EMIT_LOC_STRINGS = NO;
				SWIFT_VERSION = 5.0;
				TARGETED_DEVICE_FAMILY = "1,2";
				TEST_HOST = "$(BUILT_PRODUCTS_DIR)/FakeNFT.app/$(BUNDLE_EXECUTABLE_FOLDER_PATH)/FakeNFT";
			};
			name = Debug;
		};
		3F6806C229CBBAF200B4F915 /* Release */ = {
			isa = XCBuildConfiguration;
			buildSettings = {
				ALWAYS_EMBED_SWIFT_STANDARD_LIBRARIES = YES;
				BUNDLE_LOADER = "$(TEST_HOST)";
				CODE_SIGN_STYLE = Automatic;
				CURRENT_PROJECT_VERSION = 1;
				GENERATE_INFOPLIST_FILE = YES;
				IPHONEOS_DEPLOYMENT_TARGET = 16.2;
				MARKETING_VERSION = 1.0;
				PRODUCT_BUNDLE_IDENTIFIER = com.practicum.FakeNFTTests;
				PRODUCT_NAME = "$(TARGET_NAME)";
				SWIFT_EMIT_LOC_STRINGS = NO;
				SWIFT_VERSION = 5.0;
				TARGETED_DEVICE_FAMILY = "1,2";
				TEST_HOST = "$(BUILT_PRODUCTS_DIR)/FakeNFT.app/$(BUNDLE_EXECUTABLE_FOLDER_PATH)/FakeNFT";
			};
			name = Release;
		};
		3F6806C429CBBAF200B4F915 /* Debug */ = {
			isa = XCBuildConfiguration;
			buildSettings = {
				ALWAYS_EMBED_SWIFT_STANDARD_LIBRARIES = YES;
				CODE_SIGN_STYLE = Automatic;
				CURRENT_PROJECT_VERSION = 1;
				GENERATE_INFOPLIST_FILE = YES;
				MARKETING_VERSION = 1.0;
				PRODUCT_BUNDLE_IDENTIFIER = com.practicum.FakeNFTUITests;
				PRODUCT_NAME = "$(TARGET_NAME)";
				SWIFT_EMIT_LOC_STRINGS = NO;
				SWIFT_VERSION = 5.0;
				TARGETED_DEVICE_FAMILY = "1,2";
				TEST_TARGET_NAME = FakeNFT;
			};
			name = Debug;
		};
		3F6806C529CBBAF200B4F915 /* Release */ = {
			isa = XCBuildConfiguration;
			buildSettings = {
				ALWAYS_EMBED_SWIFT_STANDARD_LIBRARIES = YES;
				CODE_SIGN_STYLE = Automatic;
				CURRENT_PROJECT_VERSION = 1;
				GENERATE_INFOPLIST_FILE = YES;
				MARKETING_VERSION = 1.0;
				PRODUCT_BUNDLE_IDENTIFIER = com.practicum.FakeNFTUITests;
				PRODUCT_NAME = "$(TARGET_NAME)";
				SWIFT_EMIT_LOC_STRINGS = NO;
				SWIFT_VERSION = 5.0;
				TARGETED_DEVICE_FAMILY = "1,2";
				TEST_TARGET_NAME = FakeNFT;
			};
			name = Release;
		};
/* End XCBuildConfiguration section */

/* Begin XCConfigurationList section */
		3F68068E29CBBAF100B4F915 /* Build configuration list for PBXProject "FakeNFT" */ = {
			isa = XCConfigurationList;
			buildConfigurations = (
				3F6806BB29CBBAF200B4F915 /* Debug */,
				3F6806BC29CBBAF200B4F915 /* Release */,
			);
			defaultConfigurationIsVisible = 0;
			defaultConfigurationName = Release;
		};
		3F6806BD29CBBAF200B4F915 /* Build configuration list for PBXNativeTarget "FakeNFT" */ = {
			isa = XCConfigurationList;
			buildConfigurations = (
				3F6806BE29CBBAF200B4F915 /* Debug */,
				3F6806BF29CBBAF200B4F915 /* Release */,
			);
			defaultConfigurationIsVisible = 0;
			defaultConfigurationName = Release;
		};
		3F6806C029CBBAF200B4F915 /* Build configuration list for PBXNativeTarget "FakeNFTTests" */ = {
			isa = XCConfigurationList;
			buildConfigurations = (
				3F6806C129CBBAF200B4F915 /* Debug */,
				3F6806C229CBBAF200B4F915 /* Release */,
			);
			defaultConfigurationIsVisible = 0;
			defaultConfigurationName = Release;
		};
		3F6806C329CBBAF200B4F915 /* Build configuration list for PBXNativeTarget "FakeNFTUITests" */ = {
			isa = XCConfigurationList;
			buildConfigurations = (
				3F6806C429CBBAF200B4F915 /* Debug */,
				3F6806C529CBBAF200B4F915 /* Release */,
			);
			defaultConfigurationIsVisible = 0;
			defaultConfigurationName = Release;
		};
/* End XCConfigurationList section */

/* Begin XCRemoteSwiftPackageReference section */
		F3924B1B2D7725D9002768AD /* XCRemoteSwiftPackageReference "Kingfisher" */ = {
			isa = XCRemoteSwiftPackageReference;
			repositoryURL = "https://github.com/onevcat/Kingfisher";
			requirement = {
				kind = exactVersion;
				version = 7.6.2;
			};
		};
		F3924B1F2D772637002768AD /* XCRemoteSwiftPackageReference "ProgressHUD" */ = {
			isa = XCRemoteSwiftPackageReference;
			repositoryURL = "https://github.com/relatedcode/ProgressHUD.git";
			requirement = {
				kind = exactVersion;
				version = 13.6.2;
			};
		};
/* End XCRemoteSwiftPackageReference section */

/* Begin XCSwiftPackageProductDependency section */
		F3924B1C2D7725D9002768AD /* Kingfisher */ = {
			isa = XCSwiftPackageProductDependency;
			package = F3924B1B2D7725D9002768AD /* XCRemoteSwiftPackageReference "Kingfisher" */;
			productName = Kingfisher;
		};
		F3924B202D772637002768AD /* ProgressHUD */ = {
			isa = XCSwiftPackageProductDependency;
			package = F3924B1F2D772637002768AD /* XCRemoteSwiftPackageReference "ProgressHUD" */;
			productName = ProgressHUD;
		};
/* End XCSwiftPackageProductDependency section */
	};
	rootObject = 3F68068B29CBBAF100B4F915 /* Project object */;
}
